github.com/fatih/color v1.10.0/go.mod h1:ELkj/draVOlAH/xkhN6mQ50Qd0MPOk5AAr3maGEBuJM=
github.com/joho/godotenv v1.5.1 h1:7eLL/+HRGLY0ldzfGMeQkb7vMd0as4CfYvUVzLqw0N0=
github.com/joho/godotenv v1.5.1/go.mod h1:f4LDr5Voq0i2e/R5DDNOoa2zzDfwtkZa6DnEwAbqwq4=
github.com/kris-nova/logger v0.0.0-20181127235838-fd0d87064b06/go.mod h1:++9BgZujZd4v0ZTZCb5iPsaomXdZWyxotIAh1IiDm44=
github.com/kris-nova/lolgopher v0.0.0-20210112022122-73f0047e8b65/go.mod h1:V0HF/ZBlN86HqewcDC/cVxMmYDiRukWjSrgKLUAn9Js=
github.com/kris-nova/photoprism-client-go v1.0.2 h1:X0LCm1/CDuSYtwpxHB2KB3pZ+LDwA1dfQA8nH9c5enQ=
github.com/kris-nova/photoprism-client-go v1.0.2/go.mod h1:TlJ2JI5Yrzbng5SmtWd72/9J2yvHDDit2xfnkNA/IFY=
github.com/line/line-bot-sdk-go/v8 v8.2.0 h1:IFqwd3pKbA+o3pwV3nzamtWHt7n+ijSH3t/D8Q/vVQ0=
github.com/line/line-bot-sdk-go/v8 v8.2.0/go.mod h1:n9Ly8OHM6xCeQktLzRpQHe/yBda95kFgmQUefUQeFCs=
github.com/mattn/go-colorable v0.1.8/go.mod h1:u6P/XSegPjTcexA+o6vUJrdnUu04hMope9wVRipJSqc=
github.com/mattn/go-isatty v0.0.12/go.mod h1:cbi8OIDigv2wuxKPP5vlRcQ1OAZbq2CE4Kysco4FUpU=
golang.org/x/sys v0.0.0-20200116001909-b77594299b42/go.mod h1:h1NjWce9XRLGQEsW7wpKNCjG9DtNlClVuFLEZdDNbEs=
golang.org/x/sys v0.0.0-20200223170610-d5e6a3e2c0ae/go.mod h1:h1NjWce9XRLGQEsW7wpKNCjG9DtNlClVuFLEZdDNbEs=
